
Microsoft Visual Studio Solution File, Format Version 12.00
# Visual Studio Version 17
VisualStudioVersion = 17.3.32901.215
MinimumVisualStudioVersion = 10.0.40219.1
Project("{FAE04EC0-301F-11D3-BF4B-00C04F79EFBC}") = "exerciciosWeek2", "exerciciosWeek2\exerciciosWeek2.csproj", "{C43C68B5-2ECF-4419-B5A6-F03BC9DB2187}"
EndProject
Global
	GlobalSection(SolutionConfigurationPlatforms) = preSolution
		Debug|Any CPU = Debug|Any CPU
		Release|Any CPU = Release|Any CPU
	EndGlobalSection
	GlobalSection(ProjectConfigurationPlatforms) = postSolution
		{C43C68B5-2ECF-4419-B5A6-F03BC9DB2187}.Debug|Any CPU.ActiveCfg = Debug|Any CPU
		{C43C68B5-2ECF-4419-B5A6-F03BC9DB2187}.Debug|Any CPU.Build.0 = Debug|Any CPU
		{C43C68B5-2ECF-4419-B5A6-F03BC9DB2187}.Release|Any CPU.ActiveCfg = Release|Any CPU
		{C43C68B5-2ECF-4419-B5A6-F03BC9DB2187}.Release|Any CPU.Build.0 = Release|Any CPU
	EndGlobalSection
	GlobalSection(SolutionProperties) = preSolution
		HideSolutionNode = FALSE
	EndGlobalSection
	GlobalSection(ExtensibilityGlobals) = postSolution
		SolutionGuid = {5C73C844-6A24-4ED0-B1A1-3807BC8A4C8B}
	EndGlobalSection
EndGlobal
